<?xml version="1.0" encoding="utf-8"?>
<Project ToolsVersion="4.0" xmlns="http://schemas.microsoft.com/developer/msbuild/2003">
  <ItemGroup>
    <Filter Include="Source Files">
      <UniqueIdentifier>{4FC737F1-C7A5-4376-A066-2A32D752A2FF}</UniqueIdentifier>
      <Extensions>cpp;c;cc;cxx;def;odl;idl;hpj;bat;asm;asmx</Extensions>
    </Filter>
    <Filter Include="Resource Files">
      <UniqueIdentifier>{67DA6AB6-F800-4c08-8B7A-83BB121AAD01}</UniqueIdentifier>
      <Extensions>rc;ico;cur;bmp;dlg;rc2;rct;bin;rgs;gif;jpg;jpeg;jpe;resx;tiff;tif;png;wav;mfcribbon-ms</Extensions>
    </Filter>
    <Filter Include="Source Files\Entities">
      <UniqueIdentifier>{5d58cdab-8047-4a43-9e62-d00fc0c1ec9d}</UniqueIdentifier>
    </Filter>
    <Filter Include="Source Files\Common">
      <UniqueIdentifier>{56e74f4d-4017-49dd-966d-1e978120f129}</UniqueIdentifier>
    </Filter>
    <Filter Include="Resource Files\Fonts">
      <UniqueIdentifier>{66937d83-3edd-4db9-bcc0-9f050151ccb3}</UniqueIdentifier>
    </Filter>
    <Filter Include="Resource Files\Sounds">
      <UniqueIdentifier>{b4653f73-77ed-445a-b758-53cf62490b7d}</UniqueIdentifier>
    </Filter>
    <Filter Include="Resource Files\Textures">
      <UniqueIdentifier>{914a0d97-ba4c-4ad5-8c2d-4aa0aa67e88c}</UniqueIdentifier>
    </Filter>
    <Filter Include="Source Files\Common\Exceptions">
      <UniqueIdentifier>{b71b299c-aabf-4f21-a777-937d0a1d5740}</UniqueIdentifier>
    </Filter>
  </ItemGroup>
  <ItemGroup>
    <ClCompile Include="main.cpp">
      <Filter>Source Files</Filter>
    </ClCompile>
    <ClCompile Include="MainScene.cpp">
      <Filter>Source Files</Filter>
    </ClCompile>
    <ClCompile Include="AudioLoader.cpp">
      <Filter>Source Files\Common</Filter>
    </ClCompile>
    <ClCompile Include="Font.cpp">
      <Filter>Source Files\Common</Filter>
    </ClCompile>
    <ClCompile Include="Engine.cpp">
      <Filter>Source Files\Common</Filter>
    </ClCompile>
    <ClCompile Include="Graphics.cpp">
      <Filter>Source Files\Common</Filter>
    </ClCompile>
    <ClCompile Include="EntityFactory.cpp">
      <Filter>Source Files\Entities</Filter>
    </ClCompile>
    <ClCompile Include="StartScene.cpp">
      <Filter>Source Files</Filter>
    </ClCompile>
    <ClCompile Include="Rect2d.cpp">
      <Filter>Source Files\Common</Filter>
    </ClCompile>
    <ClCompile Include="Text.cpp">
      <Filter>Source Files\Common</Filter>
    </ClCompile>
    <ClCompile Include="Vector2.cpp">
      <Filter>Source Files\Common</Filter>
    </ClCompile>
    <ClCompile Include="xorshift.cpp">
      <Filter>Source Files\Common</Filter>
    </ClCompile>
    <ClCompile Include="ECannon.cpp">
      <Filter>Source Files\Entities</Filter>
    </ClCompile>
    <ClCompile Include="Texture.cpp">
      <Filter>Source Files\Common</Filter>
    </ClCompile>
    <ClCompile Include="EInvader.cpp">
      <Filter>Source Files\Entities</Filter>
    </ClCompile>
    <ClCompile Include="EInvaderGroup.cpp">
      <Filter>Source Files\Entities</Filter>
    </ClCompile>
    <ClCompile Include="EHouse.cpp">
      <Filter>Source Files\Entities</Filter>
    </ClCompile>
    <ClCompile Include="ECannonRocket.cpp">
      <Filter>Source Files\Entities</Filter>
    </ClCompile>
    <ClCompile Include="EInvaderRocket.cpp">
      <Filter>Source Files\Entities</Filter>
    </ClCompile>
    <ClCompile Include="Random.cpp">
      <Filter>Source Files\Common</Filter>
    </ClCompile>
  </ItemGroup>
  <ItemGroup>
    <ClInclude Include="AudioLoader.h">
      <Filter>Source Files\Common</Filter>
    </ClInclude>
    <ClInclude Include="Color.h">
      <Filter>Source Files\Common</Filter>
    </ClInclude>
    <ClInclude Include="Entity.h">
      <Filter>Source Files\Common</Filter>
    </ClInclude>
    <ClInclude Include="Engine.h">
      <Filter>Source Files\Common</Filter>
    </ClInclude>
    <ClInclude Include="Font.h">
      <Filter>Source Files\Common</Filter>
    </ClInclude>
    <ClInclude Include="EntityFactory.h">
      <Filter>Source Files\Entities</Filter>
    </ClInclude>
    <ClInclude Include="Graphics.h">
      <Filter>Source Files\Common</Filter>
    </ClInclude>
    <ClInclude Include="Math.h">
      <Filter>Source Files\Common</Filter>
    </ClInclude>
    <ClInclude Include="GameConfig.h">
      <Filter>Source Files</Filter>
    </ClInclude>
    <ClInclude Include="MainScene.h">
      <Filter>Source Files</Filter>
    </ClInclude>
    <ClInclude Include="Rect2d.h">
      <Filter>Source Files\Common</Filter>
    </ClInclude>
    <ClInclude Include="Scene.h">
      <Filter>Source Files\Common</Filter>
    </ClInclude>
    <ClInclude Include="Text.h">
      <Filter>Source Files\Common</Filter>
    </ClInclude>
    <ClInclude Include="Vector2.h">
      <Filter>Source Files\Common</Filter>
    </ClInclude>
    <ClInclude Include="xorshift.h">
      <Filter>Source Files\Common</Filter>
    </ClInclude>
    <ClInclude Include="StartScene.h">
      <Filter>Source Files</Filter>
    </ClInclude>
    <ClInclude Include="ECannon.h">
      <Filter>Source Files\Entities</Filter>
    </ClInclude>
    <ClInclude Include="Texture.h">
      <Filter>Source Files\Common</Filter>
    </ClInclude>
    <ClInclude Include="EntityType.h">
      <Filter>Source Files\Entities</Filter>
    </ClInclude>
    <ClInclude Include="EInvader.h">
      <Filter>Source Files\Entities</Filter>
    </ClInclude>
    <ClInclude Include="EInvaderGroup.h">
      <Filter>Source Files\Entities</Filter>
    </ClInclude>
    <ClInclude Include="String.h">
      <Filter>Source Files\Common</Filter>
    </ClInclude>
    <ClInclude Include="NotImplementedException.h">
      <Filter>Source Files\Common\Exceptions</Filter>
    </ClInclude>
    <ClInclude Include="NotSupportedException.h">
      <Filter>Source Files\Common\Exceptions</Filter>
    </ClInclude>
    <ClInclude Include="InvalidCastException.h">
      <Filter>Source Files\Common\Exceptions</Filter>
    </ClInclude>
    <ClInclude Include="EHouse.h">
      <Filter>Source Files\Entities</Filter>
    </ClInclude>
    <ClInclude Include="ECannonRocket.h">
      <Filter>Source Files\Entities</Filter>
    </ClInclude>
    <ClInclude Include="EInvaderRocket.h">
      <Filter>Source Files\Entities</Filter>
    </ClInclude>
    <ClInclude Include="Random.h">
      <Filter>Source Files\Common</Filter>
    </ClInclude>
    <ClInclude Include="ElementNotFoundInCollectionException.h">
      <Filter>Source Files\Common\Exceptions</Filter>
    </ClInclude>
  </ItemGroup>
  <ItemGroup>
    <Font Include="Fonts\Games.ttf">
      <Filter>Resource Files\Fonts</Filter>
    </Font>
  </ItemGroup>
  <ItemGroup>
    <Image Include="Textures\spritesheet.png">
      <Filter>Resource Files\Textures</Filter>
    </Image>
  </ItemGroup>
</Project>