
Microsoft Visual Studio Solution File, Format Version 12.00
# Visual Studio 15
VisualStudioVersion = 15.0.27004.2006
MinimumVisualStudioVersion = 10.0.40219.1
Project("{8BC9CEB8-8B4A-11D0-8D11-00A0C91BC942}") = "SpaceInvaders", "SpaceInvaders.vcxproj", "{552D4481-8CCE-47C6-A6B2-92F2B25D27CC}"
EndProject
Global
	GlobalSection(SolutionConfigurationPlatforms) = preSolution
		Debug|x64 = Debug|x64
		Debug|x86 = Debug|x86
		Release|x64 = Release|x64
		Release|x86 = Release|x86
	EndGlobalSection
	GlobalSection(ProjectConfigurationPlatforms) = postSolution
		{552D4481-8CCE-47C6-A6B2-92F2B25D27CC}.Debug|x64.ActiveCfg = Debug|x64
		{552D4481-8CCE-47C6-A6B2-92F2B25D27CC}.Debug|x64.Build.0 = Debug|x64
		{552D4481-8CCE-47C6-A6B2-92F2B25D27CC}.Debug|x86.ActiveCfg = Debug|Win32
		{552D4481-8CCE-47C6-A6B2-92F2B25D27CC}.Debug|x86.Build.0 = Debug|Win32
		{552D4481-8CCE-47C6-A6B2-92F2B25D27CC}.Release|x64.ActiveCfg = Release|x64
		{552D4481-8CCE-47C6-A6B2-92F2B25D27CC}.Release|x64.Build.0 = Release|x64
		{552D4481-8CCE-47C6-A6B2-92F2B25D27CC}.Release|x86.ActiveCfg = Release|Win32
		{552D4481-8CCE-47C6-A6B2-92F2B25D27CC}.Release|x86.Build.0 = Release|Win32
	EndGlobalSection
	GlobalSection(SolutionProperties) = preSolution
		HideSolutionNode = FALSE
	EndGlobalSection
	GlobalSection(ExtensibilityGlobals) = postSolution
		SolutionGuid = {DFACC680-5682-44D9-9E50-F5A7C40F1606}
	EndGlobalSection
EndGlobal
